
Microsoft Visual Studio Solution File, Format Version 12.00
# Visual Studio 15
VisualStudioVersion = 15.0.27004.2002
MinimumVisualStudioVersion = 10.0.40219.1
Project("{FAE04EC0-301F-11D3-BF4B-00C04F79EFBC}") = "FreshFruit", "FreshFruit\FreshFruit.csproj", "{51B6E1A8-E7AE-4701-9790-1934AAAFD860}"
EndProject
Project("{2150E333-8FDC-42A3-9474-1A3956D46DE8}") = "Solution Items", "Solution Items", "{D5746DE7-403F-4DDA-B2EF-BD9FE0F295F9}"
	ProjectSection(SolutionItems) = preProject
		Readme.md = Readme.md
	EndProjectSection
EndProject
Global
	GlobalSection(SolutionConfigurationPlatforms) = preSolution
		Debug|Any CPU = Debug|Any CPU
		Release|Any CPU = Release|Any CPU
	EndGlobalSection
	GlobalSection(ProjectConfigurationPlatforms) = postSolution
		{51B6E1A8-E7AE-4701-9790-1934AAAFD860}.Debug|Any CPU.ActiveCfg = Debug|Any CPU
		{51B6E1A8-E7AE-4701-9790-1934AAAFD860}.Debug|Any CPU.Build.0 = Debug|Any CPU
		{51B6E1A8-E7AE-4701-9790-1934AAAFD860}.Release|Any CPU.ActiveCfg = Release|Any CPU
		{51B6E1A8-E7AE-4701-9790-1934AAAFD860}.Release|Any CPU.Build.0 = Release|Any CPU
	EndGlobalSection
	GlobalSection(SolutionProperties) = preSolution
		HideSolutionNode = FALSE
	EndGlobalSection
	GlobalSection(ExtensibilityGlobals) = postSolution
		SolutionGuid = {61585601-E84C-4255-B742-42AE1FE7ABCE}
	EndGlobalSection
EndGlobal
